// !$*UTF8*$!
{
	archiveVersion = 1;
	classes = {
	};
	objectVersion = 46;
	objects = {

/* Begin PBXBuildFile section */
		D3CF36F31E63AF4B006B1798 /* Sally.cpp in Sources */ = {isa = PBXBuildFile; fileRef = D3CF36F21E63AF4B006B1798 /* Sally.cpp */; };
		D3CF36F71E63B1A6006B1798 /* driver2.cpp in Sources */ = {isa = PBXBuildFile; fileRef = D3CF36F61E63B1A6006B1798 /* driver2.cpp */; };
/* End PBXBuildFile section */

/* Begin PBXCopyFilesBuildPhase section */
		D3CF36E51E63AF23006B1798 /* CopyFiles */ = {
			isa = PBXCopyFilesBuildPhase;
			buildActionMask = 2147483647;
			dstPath = /usr/share/man/man1/;
			dstSubfolderSpec = 0;
			files = (
			);
			runOnlyForDeploymentPostprocessing = 1;
		};
/* End PBXCopyFilesBuildPhase section */

/* Begin PBXFileReference section */
		D3CF36E71E63AF23006B1798 /* Sally */ = {isa = PBXFileReference; explicitFileType = "compiled.mach-o.executable"; includeInIndex = 0; path = Sally; sourceTree = BUILT_PRODUCTS_DIR; };
		D3CF36F11E63AF44006B1798 /* Sally.h */ = {isa = PBXFileReference; lastKnownFileType = sourcecode.c.h; path = Sally.h; sourceTree = "<group>"; };
		D3CF36F21E63AF4B006B1798 /* Sally.cpp */ = {isa = PBXFileReference; fileEncoding = 4; lastKnownFileType = sourcecode.cpp.cpp; path = Sally.cpp; sourceTree = "<group>"; };
		D3CF36F61E63B1A6006B1798 /* driver2.cpp */ = {isa = PBXFileReference; fileEncoding = 4; lastKnownFileType = sourcecode.cpp.cpp; path = driver2.cpp; sourceTree = "<group>"; };
		D3CF36FB1E6B8DD3006B1798 /* example4.txt */ = {isa = PBXFileReference; lastKnownFileType = text; path = example4.txt; sourceTree = "<group>"; };
		D3CF36FC1E6B9592006B1798 /* example6.txt */ = {isa = PBXFileReference; lastKnownFileType = text; path = example6.txt; sourceTree = "<group>"; };
		D3CF36FD1E6C7D99006B1798 /* example7.txt */ = {isa = PBXFileReference; lastKnownFileType = text; path = example7.txt; sourceTree = "<group>"; };
		D3CF36FE1E6DF00C006B1798 /* example8.txt */ = {isa = PBXFileReference; lastKnownFileType = text; path = example8.txt; sourceTree = "<group>"; };
/* End PBXFileReference section */

/* Begin PBXFrameworksBuildPhase section */
		D3CF36E41E63AF23006B1798 /* Frameworks */ = {
			isa = PBXFrameworksBuildPhase;
			buildActionMask = 2147483647;
			files = (
			);
			runOnlyForDeploymentPostprocessing = 0;
		};
/* End PBXFrameworksBuildPhase section */

/* Begin PBXGroup section */
		D3CF36DE1E63AF23006B1798 = {
			isa = PBXGroup;
			children = (
				D3CF36E91E63AF23006B1798 /* Sally */,
				D3CF36E81E63AF23006B1798 /* Products */,
			);
			sourceTree = "<group>";
		};
		D3CF36E81E63AF23006B1798 /* Products */ = {
			isa = PBXGroup;
			children = (
				D3CF36E71E63AF23006B1798 /* Sally */,
			);
			name = Products;
			sourceTree = "<group>";
		};
		D3CF36E91E63AF23006B1798 /* Sally */ = {
			isa = PBXGroup;
			children = (
				D3CF36F11E63AF44006B1798 /* Sally.h */,
				D3CF36F21E63AF4B006B1798 /* Sally.cpp */,
				D3CF36F61E63B1A6006B1798 /* driver2.cpp */,
				D3CF36FB1E6B8DD3006B1798 /* example4.txt */,
				D3CF36FC1E6B9592006B1798 /* example6.txt */,
				D3CF36FD1E6C7D99006B1798 /* example7.txt */,
				D3CF36FE1E6DF00C006B1798 /* example8.txt */,
			);
			path = Sally;
			sourceTree = "<group>";
		};
/* End PBXGroup section */

/* Begin PBXNativeTarget section */
		D3CF36E61E63AF23006B1798 /* Sally */ = {
			isa = PBXNativeTarget;
			buildConfigurationList = D3CF36EE1E63AF23006B1798 /* Build configuration list for PBXNativeTarget "Sally" */;
			buildPhases = (
				D3CF36E31E63AF23006B1798 /* Sources */,
				D3CF36E41E63AF23006B1798 /* Frameworks */,
				D3CF36E51E63AF23006B1798 /* CopyFiles */,
			);
			buildRules = (
			);
			dependencies = (
			);
			name = Sally;
			productName = Sally;
			productReference = D3CF36E71E63AF23006B1798 /* Sally */;
			productType = "com.apple.product-type.tool";
		};
/* End PBXNativeTarget section */

/* Begin PBXProject section */
		D3CF36DF1E63AF23006B1798 /* Project object */ = {
			isa = PBXProject;
			attributes = {
				LastUpgradeCheck = 0820;
				ORGANIZATIONNAME = "Jack Crissey";
				TargetAttributes = {
					D3CF36E61E63AF23006B1798 = {
						CreatedOnToolsVersion = 8.2.1;
						ProvisioningStyle = Automatic;
					};
				};
			};
			buildConfigurationList = D3CF36E21E63AF23006B1798 /* Build configuration list for PBXProject "Sally" */;
			compatibilityVersion = "Xcode 3.2";
			developmentRegion = English;
			hasScannedForEncodings = 0;
			knownRegions = (
				en,
			);
			mainGroup = D3CF36DE1E63AF23006B1798;
			productRefGroup = D3CF36E81E63AF23006B1798 /* Products */;
			projectDirPath = "";
			projectRoot = "";
			targets = (
				D3CF36E61E63AF23006B1798 /* Sally */,
			);
		};
/* End PBXProject section */

/* Begin PBXSourcesBuildPhase section */
		D3CF36E31E63AF23006B1798 /* Sources */ = {
			isa = PBXSourcesBuildPhase;
			buildActionMask = 2147483647;
			files = (
				D3CF36F71E63B1A6006B1798 /* driver2.cpp in Sources */,
				D3CF36F31E63AF4B006B1798 /* Sally.cpp in Sources */,
			);
			runOnlyForDeploymentPostprocessing = 0;
		};
/* End PBXSourcesBuildPhase section */

/* Begin XCBuildConfiguration section */
		D3CF36EC1E63AF23006B1798 /* Debug */ = {
			isa = XCBuildConfiguration;
			buildSettings = {
				ALWAYS_SEARCH_USER_PATHS = NO;
				CLANG_ANALYZER_NONNULL = YES;
				CLANG_CXX_LANGUAGE_STANDARD = "gnu++0x";
				CLANG_CXX_LIBRARY = "libc++";
				CLANG_ENABLE_MODULES = YES;
				CLANG_ENABLE_OBJC_ARC = YES;
				CLANG_WARN_BOOL_CONVERSION = YES;
				CLANG_WARN_CONSTANT_CONVERSION = YES;
				CLANG_WARN_DIRECT_OBJC_ISA_USAGE = YES_ERROR;
				CLANG_WARN_DOCUMENTATION_COMMENTS = YES;
				CLANG_WARN_EMPTY_BODY = YES;
				CLANG_WARN_ENUM_CONVERSION = YES;
				CLANG_WARN_INFINITE_RECURSION = YES;
				CLANG_WARN_INT_CONVERSION = YES;
				CLANG_WARN_OBJC_ROOT_CLASS = YES_ERROR;
				CLANG_WARN_SUSPICIOUS_MOVE = YES;
				CLANG_WARN_UNREACHABLE_CODE = YES;
				CLANG_WARN__DUPLICATE_METHOD_MATCH = YES;
				CODE_SIGN_IDENTITY = "-";
				COPY_PHASE_STRIP = NO;
				DEBUG_INFORMATION_FORMAT = dwarf;
				ENABLE_STRICT_OBJC_MSGSEND = YES;
				ENABLE_TESTABILITY = YES;
				GCC_C_LANGUAGE_STANDARD = gnu99;
				GCC_DYNAMIC_NO_PIC = NO;
				GCC_NO_COMMON_BLOCKS = YES;
				GCC_OPTIMIZATION_LEVEL = 0;
				GCC_PREPROCESSOR_DEFINITIONS = (
					"DEBUG=1",
					"$(inherited)",
				);
				GCC_WARN_64_TO_32_BIT_CONVERSION = YES;
				GCC_WARN_ABOUT_RETURN_TYPE = YES_ERROR;
				GCC_WARN_UNDECLARED_SELECTOR = YES;
				GCC_WARN_UNINITIALIZED_AUTOS = YES_AGGRESSIVE;
				GCC_WARN_UNUSED_FUNCTION = YES;
				GCC_WARN_UNUSED_VARIABLE = YES;
				MACOSX_DEPLOYMENT_TARGET = 10.11;
				MTL_ENABLE_DEBUG_INFO = YES;
				ONLY_ACTIVE_ARCH = YES;
				SDKROOT = macosx;
			};
			name = Debug;
		};
		D3CF36ED1E63AF23006B1798 /* Release */ = {
			isa = XCBuildConfiguration;
			buildSettings = {
				ALWAYS_SEARCH_USER_PATHS = NO;
				CLANG_ANALYZER_NONNULL = YES;
				CLANG_CXX_LANGUAGE_STANDARD = "gnu++0x";
				CLANG_CXX_LIBRARY = "libc++";
				CLANG_ENABLE_MODULES = YES;
				CLANG_ENABLE_OBJC_ARC = YES;
				CLANG_WARN_BOOL_CONVERSION = YES;
				CLANG_WARN_CONSTANT_CONVERSION = YES;
				CLANG_WARN_DIRECT_OBJC_ISA_USAGE = YES_ERROR;
				CLANG_WARN_DOCUMENTATION_COMMENTS = YES;
				CLANG_WARN_EMPTY_BODY = YES;
				CLANG_WARN_ENUM_CONVERSION = YES;
				CLANG_WARN_INFINITE_RECURSION = YES;
				CLANG_WARN_INT_CONVERSION = YES;
				CLANG_WARN_OBJC_ROOT_CLASS = YES_ERROR;
				CLANG_WARN_SUSPICIOUS_MOVE = YES;
				CLANG_WARN_UNREACHABLE_CODE = YES;
				CLANG_WARN__DUPLICATE_METHOD_MATCH = YES;
				CODE_SIGN_IDENTITY = "-";
				COPY_PHASE_STRIP = NO;
				DEBUG_INFORMATION_FORMAT = "dwarf-with-dsym";
				ENABLE_NS_ASSERTIONS = NO;
				ENABLE_STRICT_OBJC_MSGSEND = YES;
				GCC_C_LANGUAGE_STANDARD = gnu99;
				GCC_NO_COMMON_BLOCKS = YES;
				GCC_WARN_64_TO_32_BIT_CONVERSION = YES;
				GCC_WARN_ABOUT_RETURN_TYPE = YES_ERROR;
				GCC_WARN_UNDECLARED_SELECTOR = YES;
				GCC_WARN_UNINITIALIZED_AUTOS = YES_AGGRESSIVE;
				GCC_WARN_UNUSED_FUNCTION = YES;
				GCC_WARN_UNUSED_VARIABLE = YES;
				MACOSX_DEPLOYMENT_TARGET = 10.11;
				MTL_ENABLE_DEBUG_INFO = NO;
				SDKROOT = macosx;
			};
			name = Release;
		};
		D3CF36EF1E63AF23006B1798 /* Debug */ = {
			isa = XCBuildConfiguration;
			buildSettings = {
				PRODUCT_NAME = "$(TARGET_NAME)";
			};
			name = Debug;
		};
		D3CF36F01E63AF23006B1798 /* Release */ = {
			isa = XCBuildConfiguration;
			buildSettings = {
				PRODUCT_NAME = "$(TARGET_NAME)";
			};
			name = Release;
		};
/* End XCBuildConfiguration section */

/* Begin XCConfigurationList section */
		D3CF36E21E63AF23006B1798 /* Build configuration list for PBXProject "Sally" */ = {
			isa = XCConfigurationList;
			buildConfigurations = (
				D3CF36EC1E63AF23006B1798 /* Debug */,
				D3CF36ED1E63AF23006B1798 /* Release */,
			);
			defaultConfigurationIsVisible = 0;
			defaultConfigurationName = Release;
		};
		D3CF36EE1E63AF23006B1798 /* Build configuration list for PBXNativeTarget "Sally" */ = {
			isa = XCConfigurationList;
			buildConfigurations = (
				D3CF36EF1E63AF23006B1798 /* Debug */,
				D3CF36F01E63AF23006B1798 /* Release */,
			);
			defaultConfigurationIsVisible = 0;
		};
/* End XCConfigurationList section */
	};
	rootObject = D3CF36DF1E63AF23006B1798 /* Project object */;
}
