// !$*UTF8*$!
{
	archiveVersion = 1;
	classes = {
	};
	objectVersion = 46;
	objects = {

/* Begin PBXBuildFile section */
		D310B78F1EA6B3B10043BAB0 /* Driver.cpp in Sources */ = {isa = PBXBuildFile; fileRef = D310B78E1EA6B3B10043BAB0 /* Driver.cpp */; };
		D310B7911EAAB8CA0043BAB0 /* NoCopyString.cpp in Sources */ = {isa = PBXBuildFile; fileRef = D310B7901EAAB8CA0043BAB0 /* NoCopyString.cpp */; };
		D3C94E571EA5B7720001B151 /* MinMaxHeap.cpp in Sources */ = {isa = PBXBuildFile; fileRef = D3C94E551EA5B7720001B151 /* MinMaxHeap.cpp */; };
/* End PBXBuildFile section */

/* Begin PBXCopyFilesBuildPhase section */
		D3C94E451EA5B7010001B151 /* CopyFiles */ = {
			isa = PBXCopyFilesBuildPhase;
			buildActionMask = 2147483647;
			dstPath = /usr/share/man/man1/;
			dstSubfolderSpec = 0;
			files = (
			);
			runOnlyForDeploymentPostprocessing = 1;
		};
/* End PBXCopyFilesBuildPhase section */

/* Begin PBXFileReference section */
		D310B78E1EA6B3B10043BAB0 /* Driver.cpp */ = {isa = PBXFileReference; fileEncoding = 4; lastKnownFileType = sourcecode.cpp.cpp; path = Driver.cpp; sourceTree = "<group>"; };
		D310B7901EAAB8CA0043BAB0 /* NoCopyString.cpp */ = {isa = PBXFileReference; fileEncoding = 4; lastKnownFileType = sourcecode.cpp.cpp; path = NoCopyString.cpp; sourceTree = "<group>"; };
		D310B7921EAAB8D10043BAB0 /* NoCopyString.h */ = {isa = PBXFileReference; lastKnownFileType = sourcecode.c.h; path = NoCopyString.h; sourceTree = "<group>"; };
		D3C94E471EA5B7010001B151 /* MinMax Heap */ = {isa = PBXFileReference; explicitFileType = "compiled.mach-o.executable"; includeInIndex = 0; path = "MinMax Heap"; sourceTree = BUILT_PRODUCTS_DIR; };
		D3C94E551EA5B7720001B151 /* MinMaxHeap.cpp */ = {isa = PBXFileReference; fileEncoding = 4; lastKnownFileType = sourcecode.cpp.cpp; path = MinMaxHeap.cpp; sourceTree = "<group>"; };
		D3C94E561EA5B7720001B151 /* MinMaxHeap.h */ = {isa = PBXFileReference; fileEncoding = 4; lastKnownFileType = sourcecode.c.h; path = MinMaxHeap.h; sourceTree = "<group>"; };
/* End PBXFileReference section */

/* Begin PBXFrameworksBuildPhase section */
		D3C94E441EA5B7010001B151 /* Frameworks */ = {
			isa = PBXFrameworksBuildPhase;
			buildActionMask = 2147483647;
			files = (
			);
			runOnlyForDeploymentPostprocessing = 0;
		};
/* End PBXFrameworksBuildPhase section */

/* Begin PBXGroup section */
		D3C94E3E1EA5B7010001B151 = {
			isa = PBXGroup;
			children = (
				D3C94E491EA5B7010001B151 /* MinMax Heap */,
				D3C94E481EA5B7010001B151 /* Products */,
			);
			sourceTree = "<group>";
		};
		D3C94E481EA5B7010001B151 /* Products */ = {
			isa = PBXGroup;
			children = (
				D3C94E471EA5B7010001B151 /* MinMax Heap */,
			);
			name = Products;
			sourceTree = "<group>";
		};
		D3C94E491EA5B7010001B151 /* MinMax Heap */ = {
			isa = PBXGroup;
			children = (
				D310B7901EAAB8CA0043BAB0 /* NoCopyString.cpp */,
				D310B7921EAAB8D10043BAB0 /* NoCopyString.h */,
				D3C94E551EA5B7720001B151 /* MinMaxHeap.cpp */,
				D3C94E561EA5B7720001B151 /* MinMaxHeap.h */,
				D310B78E1EA6B3B10043BAB0 /* Driver.cpp */,
			);
			path = "MinMax Heap";
			sourceTree = "<group>";
		};
/* End PBXGroup section */

/* Begin PBXNativeTarget section */
		D3C94E461EA5B7010001B151 /* MinMax Heap */ = {
			isa = PBXNativeTarget;
			buildConfigurationList = D3C94E4E1EA5B7010001B151 /* Build configuration list for PBXNativeTarget "MinMax Heap" */;
			buildPhases = (
				D3C94E431EA5B7010001B151 /* Sources */,
				D3C94E441EA5B7010001B151 /* Frameworks */,
				D3C94E451EA5B7010001B151 /* CopyFiles */,
			);
			buildRules = (
			);
			dependencies = (
			);
			name = "MinMax Heap";
			productName = "MinMax Heap";
			productReference = D3C94E471EA5B7010001B151 /* MinMax Heap */;
			productType = "com.apple.product-type.tool";
		};
/* End PBXNativeTarget section */

/* Begin PBXProject section */
		D3C94E3F1EA5B7010001B151 /* Project object */ = {
			isa = PBXProject;
			attributes = {
				LastUpgradeCheck = 0820;
				ORGANIZATIONNAME = "Jack Crissey";
				TargetAttributes = {
					D3C94E461EA5B7010001B151 = {
						CreatedOnToolsVersion = 8.2.1;
						ProvisioningStyle = Automatic;
					};
				};
			};
			buildConfigurationList = D3C94E421EA5B7010001B151 /* Build configuration list for PBXProject "MinMax Heap" */;
			compatibilityVersion = "Xcode 3.2";
			developmentRegion = English;
			hasScannedForEncodings = 0;
			knownRegions = (
				en,
			);
			mainGroup = D3C94E3E1EA5B7010001B151;
			productRefGroup = D3C94E481EA5B7010001B151 /* Products */;
			projectDirPath = "";
			projectRoot = "";
			targets = (
				D3C94E461EA5B7010001B151 /* MinMax Heap */,
			);
		};
/* End PBXProject section */

/* Begin PBXSourcesBuildPhase section */
		D3C94E431EA5B7010001B151 /* Sources */ = {
			isa = PBXSourcesBuildPhase;
			buildActionMask = 2147483647;
			files = (
				D3C94E571EA5B7720001B151 /* MinMaxHeap.cpp in Sources */,
				D310B7911EAAB8CA0043BAB0 /* NoCopyString.cpp in Sources */,
				D310B78F1EA6B3B10043BAB0 /* Driver.cpp in Sources */,
			);
			runOnlyForDeploymentPostprocessing = 0;
		};
/* End PBXSourcesBuildPhase section */

/* Begin XCBuildConfiguration section */
		D3C94E4C1EA5B7010001B151 /* Debug */ = {
			isa = XCBuildConfiguration;
			buildSettings = {
				ALWAYS_SEARCH_USER_PATHS = NO;
				CLANG_ANALYZER_NONNULL = YES;
				CLANG_CXX_LANGUAGE_STANDARD = "gnu++0x";
				CLANG_CXX_LIBRARY = "libc++";
				CLANG_ENABLE_MODULES = YES;
				CLANG_ENABLE_OBJC_ARC = YES;
				CLANG_WARN_BOOL_CONVERSION = YES;
				CLANG_WARN_CONSTANT_CONVERSION = YES;
				CLANG_WARN_DIRECT_OBJC_ISA_USAGE = YES_ERROR;
				CLANG_WARN_DOCUMENTATION_COMMENTS = YES;
				CLANG_WARN_EMPTY_BODY = YES;
				CLANG_WARN_ENUM_CONVERSION = YES;
				CLANG_WARN_INFINITE_RECURSION = YES;
				CLANG_WARN_INT_CONVERSION = YES;
				CLANG_WARN_OBJC_ROOT_CLASS = YES_ERROR;
				CLANG_WARN_SUSPICIOUS_MOVE = YES;
				CLANG_WARN_UNREACHABLE_CODE = YES;
				CLANG_WARN__DUPLICATE_METHOD_MATCH = YES;
				CODE_SIGN_IDENTITY = "-";
				COPY_PHASE_STRIP = NO;
				DEBUG_INFORMATION_FORMAT = dwarf;
				ENABLE_STRICT_OBJC_MSGSEND = YES;
				ENABLE_TESTABILITY = YES;
				GCC_C_LANGUAGE_STANDARD = gnu99;
				GCC_DYNAMIC_NO_PIC = NO;
				GCC_NO_COMMON_BLOCKS = YES;
				GCC_OPTIMIZATION_LEVEL = 0;
				GCC_PREPROCESSOR_DEFINITIONS = (
					"DEBUG=1",
					"$(inherited)",
				);
				GCC_WARN_64_TO_32_BIT_CONVERSION = YES;
				GCC_WARN_ABOUT_RETURN_TYPE = YES_ERROR;
				GCC_WARN_UNDECLARED_SELECTOR = YES;
				GCC_WARN_UNINITIALIZED_AUTOS = YES_AGGRESSIVE;
				GCC_WARN_UNUSED_FUNCTION = YES;
				GCC_WARN_UNUSED_VARIABLE = YES;
				MACOSX_DEPLOYMENT_TARGET = 10.11;
				MTL_ENABLE_DEBUG_INFO = YES;
				ONLY_ACTIVE_ARCH = YES;
				SDKROOT = macosx;
			};
			name = Debug;
		};
		D3C94E4D1EA5B7010001B151 /* Release */ = {
			isa = XCBuildConfiguration;
			buildSettings = {
				ALWAYS_SEARCH_USER_PATHS = NO;
				CLANG_ANALYZER_NONNULL = YES;
				CLANG_CXX_LANGUAGE_STANDARD = "gnu++0x";
				CLANG_CXX_LIBRARY = "libc++";
				CLANG_ENABLE_MODULES = YES;
				CLANG_ENABLE_OBJC_ARC = YES;
				CLANG_WARN_BOOL_CONVERSION = YES;
				CLANG_WARN_CONSTANT_CONVERSION = YES;
				CLANG_WARN_DIRECT_OBJC_ISA_USAGE = YES_ERROR;
				CLANG_WARN_DOCUMENTATION_COMMENTS = YES;
				CLANG_WARN_EMPTY_BODY = YES;
				CLANG_WARN_ENUM_CONVERSION = YES;
				CLANG_WARN_INFINITE_RECURSION = YES;
				CLANG_WARN_INT_CONVERSION = YES;
				CLANG_WARN_OBJC_ROOT_CLASS = YES_ERROR;
				CLANG_WARN_SUSPICIOUS_MOVE = YES;
				CLANG_WARN_UNREACHABLE_CODE = YES;
				CLANG_WARN__DUPLICATE_METHOD_MATCH = YES;
				CODE_SIGN_IDENTITY = "-";
				COPY_PHASE_STRIP = NO;
				DEBUG_INFORMATION_FORMAT = "dwarf-with-dsym";
				ENABLE_NS_ASSERTIONS = NO;
				ENABLE_STRICT_OBJC_MSGSEND = YES;
				GCC_C_LANGUAGE_STANDARD = gnu99;
				GCC_NO_COMMON_BLOCKS = YES;
				GCC_WARN_64_TO_32_BIT_CONVERSION = YES;
				GCC_WARN_ABOUT_RETURN_TYPE = YES_ERROR;
				GCC_WARN_UNDECLARED_SELECTOR = YES;
				GCC_WARN_UNINITIALIZED_AUTOS = YES_AGGRESSIVE;
				GCC_WARN_UNUSED_FUNCTION = YES;
				GCC_WARN_UNUSED_VARIABLE = YES;
				MACOSX_DEPLOYMENT_TARGET = 10.11;
				MTL_ENABLE_DEBUG_INFO = NO;
				SDKROOT = macosx;
			};
			name = Release;
		};
		D3C94E4F1EA5B7010001B151 /* Debug */ = {
			isa = XCBuildConfiguration;
			buildSettings = {
				PRODUCT_NAME = "$(TARGET_NAME)";
			};
			name = Debug;
		};
		D3C94E501EA5B7010001B151 /* Release */ = {
			isa = XCBuildConfiguration;
			buildSettings = {
				PRODUCT_NAME = "$(TARGET_NAME)";
			};
			name = Release;
		};
/* End XCBuildConfiguration section */

/* Begin XCConfigurationList section */
		D3C94E421EA5B7010001B151 /* Build configuration list for PBXProject "MinMax Heap" */ = {
			isa = XCConfigurationList;
			buildConfigurations = (
				D3C94E4C1EA5B7010001B151 /* Debug */,
				D3C94E4D1EA5B7010001B151 /* Release */,
			);
			defaultConfigurationIsVisible = 0;
			defaultConfigurationName = Release;
		};
		D3C94E4E1EA5B7010001B151 /* Build configuration list for PBXNativeTarget "MinMax Heap" */ = {
			isa = XCConfigurationList;
			buildConfigurations = (
				D3C94E4F1EA5B7010001B151 /* Debug */,
				D3C94E501EA5B7010001B151 /* Release */,
			);
			defaultConfigurationIsVisible = 0;
			defaultConfigurationName = Release;
		};
/* End XCConfigurationList section */
	};
	rootObject = D3C94E3F1EA5B7010001B151 /* Project object */;
}
